Microsoft Visual Studio Solution File, Format Version 11.00
# Visual Studio 2008

Project("{9C6D5083-23F1-5B81-8A41-76BC515AB88F}") = "SleddingSimulator", "Assembly-CSharp-firstpass.csproj", "{D94A1EDC-DC6D-7EE7-7BFE-C4A53C712B6F}"
EndProject
Project("{9C6D5083-23F1-5B81-8A41-76BC515AB88F}") = "SleddingSimulator", "Assembly-CSharp.csproj", "{E9C0D8B5-CEF2-96AF-2F80-8DAFCEE1CF8C}"
EndProject
Project("{9C6D5083-23F1-5B81-8A41-76BC515AB88F}") = "SleddingSimulator", "Assembly-CSharp-Editor.csproj", "{A8E973D9-3140-C3AF-4C68-57A2671EE791}"
EndProject
Project("{9C6D5083-23F1-5B81-8A41-76BC515AB88F}") = "SleddingSimulator", "Assembly-UnityScript-firstpass.unityproj", "{1935D6CA-01ED-DE55-65B5-178F7B1616E3}"
EndProject
Global
	GlobalSection(SolutionConfigurationPlatforms) = preSolution
		Debug|Any CPU = Debug|Any CPU
		Release|Any CPU = Release|Any CPU
	EndGlobalSection
	GlobalSection(ProjectConfigurationPlatforms) = postSolution
		{D94A1EDC-DC6D-7EE7-7BFE-C4A53C712B6F}.Debug|Any CPU.ActiveCfg = Debug|Any CPU
		{D94A1EDC-DC6D-7EE7-7BFE-C4A53C712B6F}.Debug|Any CPU.Build.0 = Debug|Any CPU
		{D94A1EDC-DC6D-7EE7-7BFE-C4A53C712B6F}.Release|Any CPU.ActiveCfg = Release|Any CPU
		{D94A1EDC-DC6D-7EE7-7BFE-C4A53C712B6F}.Release|Any CPU.Build.0 = Release|Any CPU
		{E9C0D8B5-CEF2-96AF-2F80-8DAFCEE1CF8C}.Debug|Any CPU.ActiveCfg = Debug|Any CPU
		{E9C0D8B5-CEF2-96AF-2F80-8DAFCEE1CF8C}.Debug|Any CPU.Build.0 = Debug|Any CPU
		{E9C0D8B5-CEF2-96AF-2F80-8DAFCEE1CF8C}.Release|Any CPU.ActiveCfg = Release|Any CPU
		{E9C0D8B5-CEF2-96AF-2F80-8DAFCEE1CF8C}.Release|Any CPU.Build.0 = Release|Any CPU
		{A8E973D9-3140-C3AF-4C68-57A2671EE791}.Debug|Any CPU.ActiveCfg = Debug|Any CPU
		{A8E973D9-3140-C3AF-4C68-57A2671EE791}.Debug|Any CPU.Build.0 = Debug|Any CPU
		{A8E973D9-3140-C3AF-4C68-57A2671EE791}.Release|Any CPU.ActiveCfg = Release|Any CPU
		{A8E973D9-3140-C3AF-4C68-57A2671EE791}.Release|Any CPU.Build.0 = Release|Any CPU
		{1935D6CA-01ED-DE55-65B5-178F7B1616E3}.Debug|Any CPU.ActiveCfg = Debug|Any CPU
		{1935D6CA-01ED-DE55-65B5-178F7B1616E3}.Debug|Any CPU.Build.0 = Debug|Any CPU
		{1935D6CA-01ED-DE55-65B5-178F7B1616E3}.Release|Any CPU.ActiveCfg = Release|Any CPU
		{1935D6CA-01ED-DE55-65B5-178F7B1616E3}.Release|Any CPU.Build.0 = Release|Any CPU
	EndGlobalSection
	GlobalSection(SolutionProperties) = preSolution
		HideSolutionNode = FALSE
	EndGlobalSection
							GlobalSection(MonoDevelopProperties) = preSolution
		StartupItem = Assembly-CSharp.csproj
		Policies = $0
		$0.TextStylePolicy = $1
		$1.inheritsSet = null
		$1.scope = text/x-csharp
		$0.CSharpFormattingPolicy = $2
		$2.inheritsSet = Mono
		$2.inheritsScope = text/x-csharp
		$2.scope = text/x-csharp
		$0.TextStylePolicy = $3
		$3.FileWidth = 120
		$3.TabWidth = 4
		$3.IndentWidth = 4
		$3.EolMarker = Unix
		$3.inheritsSet = Mono
		$3.inheritsScope = text/plain
		$3.scope = text/plain
	EndGlobalSection

EndGlobal
